
Microsoft Visual Studio Solution File, Format Version 12.00
Project("{FAE04EC0-301F-11D3-BF4B-00C04F79EFBC}") = "FuelPrices", "FuelPrices\FuelPrices.csproj", "{C40630A0-087C-43FC-9501-C0A48DD6733F}"
EndProject
Project("{FAE04EC0-301F-11D3-BF4B-00C04F79EFBC}") = "FuelPrices.ORS", "FuelPrices.ORS\FuelPrices.ORS.csproj", "{1238DE57-F0A1-4594-873F-E48E5B343169}"
EndProject
Project("{FAE04EC0-301F-11D3-BF4B-00C04F79EFBC}") = "FuelPrices.Services", "FuelPrices.Services\FuelPrices.Services.csproj", "{D44D566A-88CD-4743-B933-3FC8945F842C}"
EndProject
Global
	GlobalSection(SolutionConfigurationPlatforms) = preSolution
		Debug|Any CPU = Debug|Any CPU
		Release|Any CPU = Release|Any CPU
	EndGlobalSection
	GlobalSection(ProjectConfigurationPlatforms) = postSolution
		{C40630A0-087C-43FC-9501-C0A48DD6733F}.Debug|Any CPU.ActiveCfg = Debug|Any CPU
		{C40630A0-087C-43FC-9501-C0A48DD6733F}.Debug|Any CPU.Build.0 = Debug|Any CPU
		{C40630A0-087C-43FC-9501-C0A48DD6733F}.Release|Any CPU.ActiveCfg = Release|Any CPU
		{C40630A0-087C-43FC-9501-C0A48DD6733F}.Release|Any CPU.Build.0 = Release|Any CPU
		{1238DE57-F0A1-4594-873F-E48E5B343169}.Debug|Any CPU.ActiveCfg = Debug|Any CPU
		{1238DE57-F0A1-4594-873F-E48E5B343169}.Debug|Any CPU.Build.0 = Debug|Any CPU
		{1238DE57-F0A1-4594-873F-E48E5B343169}.Release|Any CPU.ActiveCfg = Release|Any CPU
		{1238DE57-F0A1-4594-873F-E48E5B343169}.Release|Any CPU.Build.0 = Release|Any CPU
		{D44D566A-88CD-4743-B933-3FC8945F842C}.Debug|Any CPU.ActiveCfg = Debug|Any CPU
		{D44D566A-88CD-4743-B933-3FC8945F842C}.Debug|Any CPU.Build.0 = Debug|Any CPU
		{D44D566A-88CD-4743-B933-3FC8945F842C}.Release|Any CPU.ActiveCfg = Release|Any CPU
		{D44D566A-88CD-4743-B933-3FC8945F842C}.Release|Any CPU.Build.0 = Release|Any CPU
	EndGlobalSection
EndGlobal
